
Microsoft Visual Studio Solution File, Format Version 12.00
# Visual Studio Version 17
VisualStudioVersion = 17.8.34408.163
MinimumVisualStudioVersion = 10.0.40219.1
Project("{FAE04EC0-301F-11D3-BF4B-00C04F79EFBC}") = "FinancialTrackingApi", "FinancialTrackingApi\FinancialTrackingApi.csproj", "{127EF43E-81F7-441C-A29E-4AFD0473D755}"
EndProject
Project("{FAE04EC0-301F-11D3-BF4B-00C04F79EFBC}") = "FinancialTrackingApi.DataAccess", "FinancialTrackingApi.DataAccess\FinancialTrackingApi.DataAccess.csproj", "{47F52F6A-E6FE-4CA3-8B13-D558B1740F65}"
EndProject
Global
	GlobalSection(SolutionConfigurationPlatforms) = preSolution
		Debug|Any CPU = Debug|Any CPU
		Release|Any CPU = Release|Any CPU
	EndGlobalSection
	GlobalSection(ProjectConfigurationPlatforms) = postSolution
		{127EF43E-81F7-441C-A29E-4AFD0473D755}.Debug|Any CPU.ActiveCfg = Debug|Any CPU
		{127EF43E-81F7-441C-A29E-4AFD0473D755}.Debug|Any CPU.Build.0 = Debug|Any CPU
		{127EF43E-81F7-441C-A29E-4AFD0473D755}.Release|Any CPU.ActiveCfg = Release|Any CPU
		{127EF43E-81F7-441C-A29E-4AFD0473D755}.Release|Any CPU.Build.0 = Release|Any CPU
		{47F52F6A-E6FE-4CA3-8B13-D558B1740F65}.Debug|Any CPU.ActiveCfg = Debug|Any CPU
		{47F52F6A-E6FE-4CA3-8B13-D558B1740F65}.Debug|Any CPU.Build.0 = Debug|Any CPU
		{47F52F6A-E6FE-4CA3-8B13-D558B1740F65}.Release|Any CPU.ActiveCfg = Release|Any CPU
		{47F52F6A-E6FE-4CA3-8B13-D558B1740F65}.Release|Any CPU.Build.0 = Release|Any CPU
	EndGlobalSection
	GlobalSection(SolutionProperties) = preSolution
		HideSolutionNode = FALSE
	EndGlobalSection
	GlobalSection(ExtensibilityGlobals) = postSolution
		SolutionGuid = {B6163056-F522-4821-9901-F17F41BFEF44}
	EndGlobalSection
EndGlobal
